
Microsoft Visual Studio Solution File, Format Version 12.00
# Visual Studio Version 17
VisualStudioVersion = 17.7.34009.444
MinimumVisualStudioVersion = 10.0.40219.1
Project("{FAE04EC0-301F-11D3-BF4B-00C04F79EFBC}") = "ex1", "ex1.csproj", "{C362168A-25B4-4409-9DCE-5E9BB041D339}"
EndProject
Global
	GlobalSection(SolutionConfigurationPlatforms) = preSolution
		Debug|Any CPU = Debug|Any CPU
		Release|Any CPU = Release|Any CPU
	EndGlobalSection
	GlobalSection(ProjectConfigurationPlatforms) = postSolution
		{C362168A-25B4-4409-9DCE-5E9BB041D339}.Debug|Any CPU.ActiveCfg = Debug|Any CPU
		{C362168A-25B4-4409-9DCE-5E9BB041D339}.Debug|Any CPU.Build.0 = Debug|Any CPU
		{C362168A-25B4-4409-9DCE-5E9BB041D339}.Release|Any CPU.ActiveCfg = Release|Any CPU
		{C362168A-25B4-4409-9DCE-5E9BB041D339}.Release|Any CPU.Build.0 = Release|Any CPU
	EndGlobalSection
	GlobalSection(SolutionProperties) = preSolution
		HideSolutionNode = FALSE
	EndGlobalSection
	GlobalSection(ExtensibilityGlobals) = postSolution
		SolutionGuid = {14AF7D5D-4FD9-4EEE-83D5-EB0F3B57C0EE}
	EndGlobalSection
EndGlobal
